
Microsoft Visual Studio Solution File, Format Version 12.00
# Visual Studio Version 17
VisualStudioVersion = 17.4.33103.184
MinimumVisualStudioVersion = 10.0.40219.1
Project("{FAE04EC0-301F-11D3-BF4B-00C04F79EFBC}") = "nihongo", "nihongo.csproj", "{0F714B07-BA00-4481-B4AA-EF320B852F3B}"
EndProject
Global
	GlobalSection(SolutionConfigurationPlatforms) = preSolution
		Debug|Any CPU = Debug|Any CPU
		Release|Any CPU = Release|Any CPU
	EndGlobalSection
	GlobalSection(ProjectConfigurationPlatforms) = postSolution
		{0F714B07-BA00-4481-B4AA-EF320B852F3B}.Debug|Any CPU.ActiveCfg = Debug|Any CPU
		{0F714B07-BA00-4481-B4AA-EF320B852F3B}.Debug|Any CPU.Build.0 = Debug|Any CPU
		{0F714B07-BA00-4481-B4AA-EF320B852F3B}.Release|Any CPU.ActiveCfg = Release|Any CPU
		{0F714B07-BA00-4481-B4AA-EF320B852F3B}.Release|Any CPU.Build.0 = Release|Any CPU
	EndGlobalSection
	GlobalSection(SolutionProperties) = preSolution
		HideSolutionNode = FALSE
	EndGlobalSection
	GlobalSection(ExtensibilityGlobals) = postSolution
		SolutionGuid = {586B7752-7A13-4B1B-905D-852AF0D2E355}
	EndGlobalSection
EndGlobal
